
Microsoft Visual Studio Solution File, Format Version 12.00
# Visual Studio Version 17
VisualStudioVersion = 17.1.32228.430
MinimumVisualStudioVersion = 10.0.40219.1
Project("{9A19103F-16F7-4668-BE54-9A1E7A4F7556}") = "SchoolProject", "SchoolProject\SchoolProject.csproj", "{3E34B289-8FEA-4F47-AF5A-F4711CBF0617}"
EndProject
Project("{FAE04EC0-301F-11D3-BF4B-00C04F79EFBC}") = "Homework8", "Homework8\Homework8.csproj", "{47EE5A19-99C2-4A8F-9E12-4D11484AF883}"
EndProject
Project("{FAE04EC0-301F-11D3-BF4B-00C04F79EFBC}") = "Homework9_2", "Homework9\Homework9_2.csproj", "{40C2E8F4-0D5B-47B6-87D5-B8A0F43E7108}"
EndProject
Project("{FAE04EC0-301F-11D3-BF4B-00C04F79EFBC}") = "Homework9_1", "Homework9_1\Homework9_1.csproj", "{773118C3-28E8-4B3C-8DC7-5DA718E662D5}"
EndProject
Global
	GlobalSection(SolutionConfigurationPlatforms) = preSolution
		Debug|Any CPU = Debug|Any CPU
		Release|Any CPU = Release|Any CPU
	EndGlobalSection
	GlobalSection(ProjectConfigurationPlatforms) = postSolution
		{3E34B289-8FEA-4F47-AF5A-F4711CBF0617}.Debug|Any CPU.ActiveCfg = Debug|Any CPU
		{3E34B289-8FEA-4F47-AF5A-F4711CBF0617}.Debug|Any CPU.Build.0 = Debug|Any CPU
		{3E34B289-8FEA-4F47-AF5A-F4711CBF0617}.Release|Any CPU.ActiveCfg = Release|Any CPU
		{3E34B289-8FEA-4F47-AF5A-F4711CBF0617}.Release|Any CPU.Build.0 = Release|Any CPU
		{47EE5A19-99C2-4A8F-9E12-4D11484AF883}.Debug|Any CPU.ActiveCfg = Debug|Any CPU
		{47EE5A19-99C2-4A8F-9E12-4D11484AF883}.Debug|Any CPU.Build.0 = Debug|Any CPU
		{47EE5A19-99C2-4A8F-9E12-4D11484AF883}.Release|Any CPU.ActiveCfg = Release|Any CPU
		{47EE5A19-99C2-4A8F-9E12-4D11484AF883}.Release|Any CPU.Build.0 = Release|Any CPU
		{40C2E8F4-0D5B-47B6-87D5-B8A0F43E7108}.Debug|Any CPU.ActiveCfg = Debug|Any CPU
		{40C2E8F4-0D5B-47B6-87D5-B8A0F43E7108}.Debug|Any CPU.Build.0 = Debug|Any CPU
		{40C2E8F4-0D5B-47B6-87D5-B8A0F43E7108}.Release|Any CPU.ActiveCfg = Release|Any CPU
		{40C2E8F4-0D5B-47B6-87D5-B8A0F43E7108}.Release|Any CPU.Build.0 = Release|Any CPU
		{773118C3-28E8-4B3C-8DC7-5DA718E662D5}.Debug|Any CPU.ActiveCfg = Debug|Any CPU
		{773118C3-28E8-4B3C-8DC7-5DA718E662D5}.Debug|Any CPU.Build.0 = Debug|Any CPU
		{773118C3-28E8-4B3C-8DC7-5DA718E662D5}.Release|Any CPU.ActiveCfg = Release|Any CPU
		{773118C3-28E8-4B3C-8DC7-5DA718E662D5}.Release|Any CPU.Build.0 = Release|Any CPU
	EndGlobalSection
	GlobalSection(SolutionProperties) = preSolution
		HideSolutionNode = FALSE
	EndGlobalSection
	GlobalSection(ExtensibilityGlobals) = postSolution
		SolutionGuid = {69087D20-0C98-4AAD-BAEB-B24FD04EAAD3}
	EndGlobalSection
EndGlobal
